PODS:
  - 2hire-BLEIntSDK (0.1.0):
    - 2hire-K1 (= 0.1.0)
  - 2hire-BLEIntSDK/Tests (0.1.0):
    - 2hire-K1 (= 0.1.0)
  - 2hire-K1 (0.1.0):
    - 2hire-secp256k1 (= 0.1.0)
    - BigInt (~> 5.2)
  - 2hire-secp256k1 (0.1.0)
  - BigInt (5.2.0)

DEPENDENCIES:
  - 2hire-BLEIntSDK (from `../..`)
  - 2hire-BLEIntSDK/Tests (from `../..`)
  - 2hire-K1 (from `../..`)
  - 2hire-secp256k1 (from `../..`)

SPEC REPOS:
  trunk:
    - BigInt

EXTERNAL SOURCES:
  2hire-BLEIntSDK:
    :path: "../.."
  2hire-K1:
    :path: "../.."
  2hire-secp256k1:
    :path: "../.."

SPEC CHECKSUMS:
  2hire-BLEIntSDK: 19c6121568879d66de506a69c29662e2beb96156
  2hire-K1: b3fc38a01d2a583d221965956ea9d66da1a332ae
  2hire-secp256k1: 0207da2ccf78586c7ca557efd16961615252a191
  BigInt: f668a80089607f521586bbe29513d708491ef2f7

PODFILE CHECKSUM: 7ed4f3470b1017d4a33a8efdd0aa72ab851782ed

COCOAPODS: 1.11.3
