PODS:
  - 2hire-BLEIntSDK (0.0.2):
    - 2hire-K1 (= 0.0.2)
    - Logging (~> 1.4)
  - 2hire-BLEIntSDK/Tests (0.0.2):
    - 2hire-K1 (= 0.0.2)
    - Logging (~> 1.4)
  - 2hire-K1 (0.0.2):
    - 2hire-secp256k1 (= 0.0.2)
    - BigInt (~> 5.2)
  - 2hire-secp256k1 (0.0.2)
  - BigInt (5.2.0)
  - Logging (1.4.0)

DEPENDENCIES:
  - 2hire-BLEIntSDK (from `../..`)
  - 2hire-BLEIntSDK/Tests (from `../..`)
  - 2hire-K1 (from `../..`)
  - 2hire-secp256k1 (from `../..`)

SPEC REPOS:
  trunk:
    - BigInt
    - Logging

EXTERNAL SOURCES:
  2hire-BLEIntSDK:
    :path: "../.."
  2hire-K1:
    :path: "../.."
  2hire-secp256k1:
    :path: "../.."

SPEC CHECKSUMS:
  2hire-BLEIntSDK: 09aaec381616d9ca8efe2405523395ecb1b321b1
  2hire-K1: 04651c3bfee10ad7b3312376ed6840fca2fd7df9
  2hire-secp256k1: 6e630444b8daf6519a353f32081cc9ab48b29c76
  BigInt: f668a80089607f521586bbe29513d708491ef2f7
  Logging: beeb016c9c80cf77042d62e83495816847ef108b

PODFILE CHECKSUM: 7ed4f3470b1017d4a33a8efdd0aa72ab851782ed

COCOAPODS: 1.11.3
