PODS:
  - 2hire-BLEIntSDK (0.1.4)
  - 2hire-BLEIntSDK/Tests (0.1.4)

DEPENDENCIES:
  - 2hire-BLEIntSDK (from `../..`)
  - 2hire-BLEIntSDK/Tests (from `../..`)

EXTERNAL SOURCES:
  2hire-BLEIntSDK:
    :path: "../.."

SPEC CHECKSUMS:
  2hire-BLEIntSDK: 4bfb9bb1eee718f6a5e5481acfb31c127b670864

PODFILE CHECKSUM: ad030cbb0cfc8d69137cce15dcb12ade98927784

COCOAPODS: 1.15.2
